
Microsoft Visual Studio Solution File, Format Version 10.00
# Visual Studio 2008
Project("{FAE04EC0-301F-11D3-BF4B-00C04F79EFBC}") = "Seeduc.Infra", "..\Seeduc.Infra\Seeduc.Infra.csproj", "{227D3D8B-E93B-44CD-ADEE-68DFABCC9E9B}"
EndProject
Project("{FAE04EC0-301F-11D3-BF4B-00C04F79EFBC}") = "ConsoleTests", "..\ConsoleTests\ConsoleTests.csproj", "{63A8B330-C346-4636-AEA7-78B396D3F085}"
EndProject
Global
	GlobalSection(SolutionConfigurationPlatforms) = preSolution
		Debug|Any CPU = Debug|Any CPU
		Release|Any CPU = Release|Any CPU
	EndGlobalSection
	GlobalSection(ProjectConfigurationPlatforms) = postSolution
		{227D3D8B-E93B-44CD-ADEE-68DFABCC9E9B}.Debug|Any CPU.ActiveCfg = Debug|Any CPU
		{227D3D8B-E93B-44CD-ADEE-68DFABCC9E9B}.Debug|Any CPU.Build.0 = Debug|Any CPU
		{227D3D8B-E93B-44CD-ADEE-68DFABCC9E9B}.Release|Any CPU.ActiveCfg = Release|Any CPU
		{227D3D8B-E93B-44CD-ADEE-68DFABCC9E9B}.Release|Any CPU.Build.0 = Release|Any CPU
		{63A8B330-C346-4636-AEA7-78B396D3F085}.Debug|Any CPU.ActiveCfg = Debug|Any CPU
		{63A8B330-C346-4636-AEA7-78B396D3F085}.Debug|Any CPU.Build.0 = Debug|Any CPU
		{63A8B330-C346-4636-AEA7-78B396D3F085}.Release|Any CPU.ActiveCfg = Release|Any CPU
	EndGlobalSection
	GlobalSection(SolutionProperties) = preSolution
		HideSolutionNode = FALSE
	EndGlobalSection
EndGlobal
