
Microsoft Visual Studio Solution File, Format Version 10.00
# Visual Studio 2008
Project("{FAE04EC0-301F-11D3-BF4B-00C04F79EFBC}") = "LyceumRN", "..\LyceumGovRN\Fontes\LyceumRN\LyceumRN.csproj", "{58B5A0E4-BB70-46C6-A104-C86E181A6A7D}"
EndProject
Project("{FAE04EC0-301F-11D3-BF4B-00C04F79EFBC}") = "LyceumCR", "..\LyceumGovCR\Fontes\LyceumCR\LyceumCR.csproj", "{23CB57BB-A925-4A1A-BEBE-D5458BF18B4D}"
EndProject
Project("{FAE04EC0-301F-11D3-BF4B-00C04F79EFBC}") = "HadesLycCR", "..\HadesLycCR\Fontes\HadesLycCR\HadesLycCR.csproj", "{526758C4-F26B-43D5-97D5-6C6EE006E23F}"
EndProject
Project("{FAE04EC0-301F-11D3-BF4B-00C04F79EFBC}") = "SindPassWebService", "..\SindPassWebService\Fontes\SindPassWebService\SindPassWebService.csproj", "{64E14DE3-0CE5-47A7-8E83-93B7C9FC3B99}"
EndProject
Project("{FAE04EC0-301F-11D3-BF4B-00C04F79EFBC}") = "RioCardWebService", "..\RioCardWebService\Fontes\RioCardWebService\RioCardWebService.csproj", "{5FEAE70B-C9AD-470E-B61B-4E3F27CC6581}"
EndProject
Project("{FAE04EC0-301F-11D3-BF4B-00C04F79EFBC}") = "SalineirasWebService", "..\SalineirasWebService\Fontes\SalineirasWebService\SalineirasWebService.csproj", "{DC02210D-7429-424E-A1B0-B77368C24786}"
EndProject
Project("{FAE04EC0-301F-11D3-BF4B-00C04F79EFBC}") = "LyceumGovWebService", "..\LyceumGovWebService\Fontes\LyceumGovWebService\LyceumGovWebService.csproj", "{92A34315-2677-4E56-B863-F110BA91D7C1}"
EndProject
Global
	GlobalSection(SolutionConfigurationPlatforms) = preSolution
		Debug|Any CPU = Debug|Any CPU
		Release|Any CPU = Release|Any CPU
	EndGlobalSection
	GlobalSection(ProjectConfigurationPlatforms) = postSolution
		{58B5A0E4-BB70-46C6-A104-C86E181A6A7D}.Debug|Any CPU.ActiveCfg = Debug|Any CPU
		{58B5A0E4-BB70-46C6-A104-C86E181A6A7D}.Debug|Any CPU.Build.0 = Debug|Any CPU
		{58B5A0E4-BB70-46C6-A104-C86E181A6A7D}.Release|Any CPU.ActiveCfg = Release|Any CPU
		{58B5A0E4-BB70-46C6-A104-C86E181A6A7D}.Release|Any CPU.Build.0 = Release|Any CPU
		{23CB57BB-A925-4A1A-BEBE-D5458BF18B4D}.Debug|Any CPU.ActiveCfg = Debug|Any CPU
		{23CB57BB-A925-4A1A-BEBE-D5458BF18B4D}.Debug|Any CPU.Build.0 = Debug|Any CPU
		{23CB57BB-A925-4A1A-BEBE-D5458BF18B4D}.Release|Any CPU.ActiveCfg = Release|Any CPU
		{23CB57BB-A925-4A1A-BEBE-D5458BF18B4D}.Release|Any CPU.Build.0 = Release|Any CPU
		{526758C4-F26B-43D5-97D5-6C6EE006E23F}.Debug|Any CPU.ActiveCfg = Debug|Any CPU
		{526758C4-F26B-43D5-97D5-6C6EE006E23F}.Debug|Any CPU.Build.0 = Debug|Any CPU
		{526758C4-F26B-43D5-97D5-6C6EE006E23F}.Release|Any CPU.ActiveCfg = Release|Any CPU
		{526758C4-F26B-43D5-97D5-6C6EE006E23F}.Release|Any CPU.Build.0 = Release|Any CPU
		{64E14DE3-0CE5-47A7-8E83-93B7C9FC3B99}.Debug|Any CPU.ActiveCfg = Debug|Any CPU
		{64E14DE3-0CE5-47A7-8E83-93B7C9FC3B99}.Debug|Any CPU.Build.0 = Debug|Any CPU
		{64E14DE3-0CE5-47A7-8E83-93B7C9FC3B99}.Release|Any CPU.ActiveCfg = Release|Any CPU
		{64E14DE3-0CE5-47A7-8E83-93B7C9FC3B99}.Release|Any CPU.Build.0 = Release|Any CPU
		{5FEAE70B-C9AD-470E-B61B-4E3F27CC6581}.Debug|Any CPU.ActiveCfg = Debug|Any CPU
		{5FEAE70B-C9AD-470E-B61B-4E3F27CC6581}.Debug|Any CPU.Build.0 = Debug|Any CPU
		{5FEAE70B-C9AD-470E-B61B-4E3F27CC6581}.Release|Any CPU.ActiveCfg = Release|Any CPU
		{5FEAE70B-C9AD-470E-B61B-4E3F27CC6581}.Release|Any CPU.Build.0 = Release|Any CPU
		{DC02210D-7429-424E-A1B0-B77368C24786}.Debug|Any CPU.ActiveCfg = Debug|Any CPU
		{DC02210D-7429-424E-A1B0-B77368C24786}.Debug|Any CPU.Build.0 = Debug|Any CPU
		{DC02210D-7429-424E-A1B0-B77368C24786}.Release|Any CPU.ActiveCfg = Release|Any CPU
		{DC02210D-7429-424E-A1B0-B77368C24786}.Release|Any CPU.Build.0 = Release|Any CPU
		{92A34315-2677-4E56-B863-F110BA91D7C1}.Debug|Any CPU.ActiveCfg = Debug|Any CPU
		{92A34315-2677-4E56-B863-F110BA91D7C1}.Debug|Any CPU.Build.0 = Debug|Any CPU
		{92A34315-2677-4E56-B863-F110BA91D7C1}.Release|Any CPU.ActiveCfg = Release|Any CPU
		{92A34315-2677-4E56-B863-F110BA91D7C1}.Release|Any CPU.Build.0 = Release|Any CPU
	EndGlobalSection
	GlobalSection(SolutionProperties) = preSolution
		HideSolutionNode = FALSE
	EndGlobalSection
EndGlobal
